[[package]]
category = "main"
description = "Simple library for color and formatting to terminal"
name = "colored"
optional = false
python-versions = "*"
version = "1.4.1"

[[package]]
category = "main"
description = "Module for common login service"
name = "login"
optional = false
python-versions = ">=3"
version = "0.0.6"

[metadata]
content-hash = "7dce6ad2d429a6ee1ac5a82ccb9c0391b0a71915ddb3d2643bc486d9960ad69c"
python-versions = "^3.7"

[metadata.hashes]
colored = ["2468361d777160498cd6db6c47c41bf67ed1029723c4acabae512bedc021c961"]
login = ["d3edf1e1a9ac26f43c4db7e2beb7649e411087f3a52f99a937740ba57f3d0e81"]
